github.com/google/go-cmp v0.7.0 h1:wk8382ETsv4JYUZwIsn6YpYiWiBsYLSJiTsyBybVuN8=
github.com/google/go-cmp v0.7.0/go.mod h1:pXiqmnSA92OHEEa9HXL2W4E7lf9JzCmGVUdgjX3N/iU=
go.jknobloc.com/x/tensor v0.0.0-20260414175339-402477b200d1 h1:dauYEeyAjhzZ1hyyAR9exszAUKeFIqrrBNaAGboZaaA=
go.jknobloc.com/x/tensor v0.0.0-20260414175339-402477b200d1/go.mod h1:Citqq246efr+IGX0RBARqDm4gXwvPA4aNAz3F8Il6kk=
google.golang.org/protobuf v1.36.11 h1:fV6ZwhNocDyBLK0dj+fg8ektcVegBBuEolpbTQyBNVE=
google.golang.org/protobuf v1.36.11/go.mod h1:HTf+CrKn2C3g5S8VImy6tdcUvCska2kB7j23XfzDpco=
